
Microsoft Visual Studio Solution File, Format Version 12.00
# Visual Studio Version 17
VisualStudioVersion = 17.5.33530.505
MinimumVisualStudioVersion = 10.0.40219.1
Project("{FAE04EC0-301F-11D3-BF4B-00C04F79EFBC}") = "TNZAPI.NET", "TNZAPI.NET\TNZAPI.NET.csproj", "{33CE7A9F-B3D0-47C2-A5DF-A6BE03BC12F6}"
EndProject
Project("{FAE04EC0-301F-11D3-BF4B-00C04F79EFBC}") = "TNZAPI.NET.Samples", "TNZAPI.NET.Samples\TNZAPI.NET.Samples.csproj", "{E6E4D257-0B3F-480F-A707-4DB75E8CF2E0}"
EndProject
Project("{FAE04EC0-301F-11D3-BF4B-00C04F79EFBC}") = "TNZAPI.NET.Tests", "TNZAPI.NET.Tests\TNZAPI.NET.Tests.csproj", "{67281FF3-23A7-48BE-BC1D-FE4206C1006E}"
EndProject
Project("{2150E333-8FDC-42A3-9474-1A3956D46DE8}") = "TNZAPI.NET.Demo", "TNZAPI.NET.Demo", "{46615C37-94FB-3073-8F41-7E3CF1796D4D}"
EndProject
Project("{2150E333-8FDC-42A3-9474-1A3956D46DE8}") = "Api", "Api", "{054D00FD-5350-563D-D832-1EE537E5694A}"
EndProject
Project("{FAE04EC0-301F-11D3-BF4B-00C04F79EFBC}") = "TNZAPI.NET.Demo.Api", "TNZAPI.NET.Demo\Api\TNZAPI.NET.Demo.Api.csproj", "{BD71C37C-0841-4B7F-8030-1D18525436FA}"
EndProject
Project("{FAE04EC0-301F-11D3-BF4B-00C04F79EFBC}") = "TNZAPI.NET.Demo.Api.Tests", "TNZAPI.NET.Demo\Api.Tests\TNZAPI.NET.Demo.Api.Tests.csproj", "{E5BD2E70-1463-470E-9DE8-25E1477374FF}"
EndProject
Global
	GlobalSection(SolutionConfigurationPlatforms) = preSolution
		Debug|Any CPU = Debug|Any CPU
		Debug|x64 = Debug|x64
		Debug|x86 = Debug|x86
		Release|Any CPU = Release|Any CPU
		Release|x64 = Release|x64
		Release|x86 = Release|x86
	EndGlobalSection
	GlobalSection(ProjectConfigurationPlatforms) = postSolution
		{33CE7A9F-B3D0-47C2-A5DF-A6BE03BC12F6}.Debug|Any CPU.ActiveCfg = Debug|Any CPU
		{33CE7A9F-B3D0-47C2-A5DF-A6BE03BC12F6}.Debug|Any CPU.Build.0 = Debug|Any CPU
		{33CE7A9F-B3D0-47C2-A5DF-A6BE03BC12F6}.Debug|x64.ActiveCfg = Debug|Any CPU
		{33CE7A9F-B3D0-47C2-A5DF-A6BE03BC12F6}.Debug|x64.Build.0 = Debug|Any CPU
		{33CE7A9F-B3D0-47C2-A5DF-A6BE03BC12F6}.Debug|x86.ActiveCfg = Debug|Any CPU
		{33CE7A9F-B3D0-47C2-A5DF-A6BE03BC12F6}.Debug|x86.Build.0 = Debug|Any CPU
		{33CE7A9F-B3D0-47C2-A5DF-A6BE03BC12F6}.Release|Any CPU.ActiveCfg = Release|Any CPU
		{33CE7A9F-B3D0-47C2-A5DF-A6BE03BC12F6}.Release|Any CPU.Build.0 = Release|Any CPU
		{33CE7A9F-B3D0-47C2-A5DF-A6BE03BC12F6}.Release|x64.ActiveCfg = Release|Any CPU
		{33CE7A9F-B3D0-47C2-A5DF-A6BE03BC12F6}.Release|x64.Build.0 = Release|Any CPU
		{33CE7A9F-B3D0-47C2-A5DF-A6BE03BC12F6}.Release|x86.ActiveCfg = Release|Any CPU
		{33CE7A9F-B3D0-47C2-A5DF-A6BE03BC12F6}.Release|x86.Build.0 = Release|Any CPU
		{E6E4D257-0B3F-480F-A707-4DB75E8CF2E0}.Debug|Any CPU.ActiveCfg = Debug|Any CPU
		{E6E4D257-0B3F-480F-A707-4DB75E8CF2E0}.Debug|Any CPU.Build.0 = Debug|Any CPU
		{E6E4D257-0B3F-480F-A707-4DB75E8CF2E0}.Debug|x64.ActiveCfg = Debug|Any CPU
		{E6E4D257-0B3F-480F-A707-4DB75E8CF2E0}.Debug|x64.Build.0 = Debug|Any CPU
		{E6E4D257-0B3F-480F-A707-4DB75E8CF2E0}.Debug|x86.ActiveCfg = Debug|Any CPU
		{E6E4D257-0B3F-480F-A707-4DB75E8CF2E0}.Debug|x86.Build.0 = Debug|Any CPU
		{E6E4D257-0B3F-480F-A707-4DB75E8CF2E0}.Release|Any CPU.ActiveCfg = Release|Any CPU
		{E6E4D257-0B3F-480F-A707-4DB75E8CF2E0}.Release|Any CPU.Build.0 = Release|Any CPU
		{E6E4D257-0B3F-480F-A707-4DB75E8CF2E0}.Release|x64.ActiveCfg = Release|Any CPU
		{E6E4D257-0B3F-480F-A707-4DB75E8CF2E0}.Release|x64.Build.0 = Release|Any CPU
		{E6E4D257-0B3F-480F-A707-4DB75E8CF2E0}.Release|x86.ActiveCfg = Release|Any CPU
		{E6E4D257-0B3F-480F-A707-4DB75E8CF2E0}.Release|x86.Build.0 = Release|Any CPU
		{67281FF3-23A7-48BE-BC1D-FE4206C1006E}.Debug|Any CPU.ActiveCfg = Debug|Any CPU
		{67281FF3-23A7-48BE-BC1D-FE4206C1006E}.Debug|Any CPU.Build.0 = Debug|Any CPU
		{67281FF3-23A7-48BE-BC1D-FE4206C1006E}.Debug|x64.ActiveCfg = Debug|Any CPU
		{67281FF3-23A7-48BE-BC1D-FE4206C1006E}.Debug|x64.Build.0 = Debug|Any CPU
		{67281FF3-23A7-48BE-BC1D-FE4206C1006E}.Debug|x86.ActiveCfg = Debug|Any CPU
		{67281FF3-23A7-48BE-BC1D-FE4206C1006E}.Debug|x86.Build.0 = Debug|Any CPU
		{67281FF3-23A7-48BE-BC1D-FE4206C1006E}.Release|Any CPU.ActiveCfg = Release|Any CPU
		{67281FF3-23A7-48BE-BC1D-FE4206C1006E}.Release|Any CPU.Build.0 = Release|Any CPU
		{67281FF3-23A7-48BE-BC1D-FE4206C1006E}.Release|x64.ActiveCfg = Release|Any CPU
		{67281FF3-23A7-48BE-BC1D-FE4206C1006E}.Release|x64.Build.0 = Release|Any CPU
		{67281FF3-23A7-48BE-BC1D-FE4206C1006E}.Release|x86.ActiveCfg = Release|Any CPU
		{67281FF3-23A7-48BE-BC1D-FE4206C1006E}.Release|x86.Build.0 = Release|Any CPU
		{BD71C37C-0841-4B7F-8030-1D18525436FA}.Debug|Any CPU.ActiveCfg = Debug|Any CPU
		{BD71C37C-0841-4B7F-8030-1D18525436FA}.Debug|Any CPU.Build.0 = Debug|Any CPU
		{BD71C37C-0841-4B7F-8030-1D18525436FA}.Debug|x64.ActiveCfg = Debug|Any CPU
		{BD71C37C-0841-4B7F-8030-1D18525436FA}.Debug|x64.Build.0 = Debug|Any CPU
		{BD71C37C-0841-4B7F-8030-1D18525436FA}.Debug|x86.ActiveCfg = Debug|Any CPU
		{BD71C37C-0841-4B7F-8030-1D18525436FA}.Debug|x86.Build.0 = Debug|Any CPU
		{BD71C37C-0841-4B7F-8030-1D18525436FA}.Release|Any CPU.ActiveCfg = Release|Any CPU
		{BD71C37C-0841-4B7F-8030-1D18525436FA}.Release|Any CPU.Build.0 = Release|Any CPU
		{BD71C37C-0841-4B7F-8030-1D18525436FA}.Release|x64.ActiveCfg = Release|Any CPU
		{BD71C37C-0841-4B7F-8030-1D18525436FA}.Release|x64.Build.0 = Release|Any CPU
		{BD71C37C-0841-4B7F-8030-1D18525436FA}.Release|x86.ActiveCfg = Release|Any CPU
		{BD71C37C-0841-4B7F-8030-1D18525436FA}.Release|x86.Build.0 = Release|Any CPU
		{E5BD2E70-1463-470E-9DE8-25E1477374FF}.Debug|Any CPU.ActiveCfg = Debug|Any CPU
		{E5BD2E70-1463-470E-9DE8-25E1477374FF}.Debug|Any CPU.Build.0 = Debug|Any CPU
		{E5BD2E70-1463-470E-9DE8-25E1477374FF}.Debug|x64.ActiveCfg = Debug|Any CPU
		{E5BD2E70-1463-470E-9DE8-25E1477374FF}.Debug|x64.Build.0 = Debug|Any CPU
		{E5BD2E70-1463-470E-9DE8-25E1477374FF}.Debug|x86.ActiveCfg = Debug|Any CPU
		{E5BD2E70-1463-470E-9DE8-25E1477374FF}.Debug|x86.Build.0 = Debug|Any CPU
		{E5BD2E70-1463-470E-9DE8-25E1477374FF}.Release|Any CPU.ActiveCfg = Release|Any CPU
		{E5BD2E70-1463-470E-9DE8-25E1477374FF}.Release|Any CPU.Build.0 = Release|Any CPU
		{E5BD2E70-1463-470E-9DE8-25E1477374FF}.Release|x64.ActiveCfg = Release|Any CPU
		{E5BD2E70-1463-470E-9DE8-25E1477374FF}.Release|x64.Build.0 = Release|Any CPU
		{E5BD2E70-1463-470E-9DE8-25E1477374FF}.Release|x86.ActiveCfg = Release|Any CPU
		{E5BD2E70-1463-470E-9DE8-25E1477374FF}.Release|x86.Build.0 = Release|Any CPU
	EndGlobalSection
	GlobalSection(SolutionProperties) = preSolution
		HideSolutionNode = FALSE
	EndGlobalSection
	GlobalSection(NestedProjects) = preSolution
		{054D00FD-5350-563D-D832-1EE537E5694A} = {46615C37-94FB-3073-8F41-7E3CF1796D4D}
		{BD71C37C-0841-4B7F-8030-1D18525436FA} = {054D00FD-5350-563D-D832-1EE537E5694A}
		{E5BD2E70-1463-470E-9DE8-25E1477374FF} = {46615C37-94FB-3073-8F41-7E3CF1796D4D}
	EndGlobalSection
	GlobalSection(ExtensibilityGlobals) = postSolution
		SolutionGuid = {E9E56CF1-F46F-4857-9B99-33F2303EDEEF}
	EndGlobalSection
EndGlobal
